{
    "_readme": [
        "This file locks the dependencies of your project to a known state",
        "Read more about it at https://getcomposer.org/doc/01-basic-usage.md#composer-lock-the-lock-file",
        "This file is @generated automatically"
    ],
    "hash": "a5251b7c861bc7d239eac8be3eacb37a",
    "content-hash": "39700d93d4499beb252e20a6a3e0f708",
    "packages": [
        {
            "name": "mashape/unirest-php",
            "version": "v3.0.4",
            "source": {
                "type": "git",
                "url": "https://github.com/Mashape/unirest-php.git",
                "reference": "842c0f242dfaaf85f16b72e217bf7f7c19ab12cb"
            },
            "dist": {
                "type": "zip",
                "url": "https://api.github.com/repos/Mashape/unirest-php/zipball/842c0f242dfaaf85f16b72e217bf7f7c19ab12cb",
                "reference": "842c0f242dfaaf85f16b72e217bf7f7c19ab12cb",
                "shasum": ""
            },
            "require": {
                "ext-curl": "*",
                "php": ">=5.4.0"
            },
            "require-dev": {
                "codeclimate/php-test-reporter": "0.1.*",
                "phpunit/phpunit": "~4.4"
            },
            "suggest": {
                "ext-json": "Allows using JSON Bodies for sending and parsing requests"
            },
            "type": "library",
            "autoload": {
                "psr-0": {
                    "Unirest\\": "src/"
                }
            },
            "notification-url": "https://packagist.org/downloads/",
            "license": [
                "MIT"
            ],
            "description": "Unirest PHP",
            "homepage": "https://github.com/Mashape/unirest-php",
            "keywords": [
                "client",
                "curl",
                "http",
                "https",
                "rest"
            ],
            "time": "2016-08-11 17:49:21"
        },
        {
            "name": "twig/twig",
            "version": "v1.24.1",
            "source": {
                "type": "git",
                "url": "https://github.com/twigphp/Twig.git",
                "reference": "3566d311a92aae4deec6e48682dc5a4528c4a512"
            },
            "dist": {
                "type": "zip",
                "url": "https://api.github.com/repos/twigphp/Twig/zipball/3566d311a92aae4deec6e48682dc5a4528c4a512",
                "reference": "3566d311a92aae4deec6e48682dc5a4528c4a512",
                "shasum": ""
            },
            "require": {
                "php": ">=5.2.7"
            },
            "require-dev": {
                "symfony/debug": "~2.7",
                "symfony/phpunit-bridge": "~2.7"
            },
            "type": "library",
            "extra": {
                "branch-alias": {
                    "dev-master": "1.24-dev"
                }
            },
            "autoload": {
                "psr-0": {
                    "Twig_": "lib/"
                }
            },
            "notification-url": "https://packagist.org/downloads/",
            "license": [
                "BSD-3-Clause"
            ],
            "authors": [
                {
                    "name": "Fabien Potencier",
                    "email": "fabien@symfony.com",
                    "homepage": "http://fabien.potencier.org",
                    "role": "Lead Developer"
                },
                {
                    "name": "Armin Ronacher",
                    "email": "armin.ronacher@active-4.com",
                    "role": "Project Founder"
                },
                {
                    "name": "Twig Team",
                    "homepage": "http://twig.sensiolabs.org/contributors",
                    "role": "Contributors"
                }
            ],
            "description": "Twig, the flexible, fast, and secure template language for PHP",
            "homepage": "http://twig.sensiolabs.org",
            "keywords": [
                "templating"
            ],
            "time": "2016-05-30 09:11:59"
        }
    ],
    "packages-dev": [],
    "aliases": [],
    "minimum-stability": "stable",
    "stability-flags": [],
    "prefer-stable": false,
    "prefer-lowest": false,
    "platform": [],
    "platform-dev": []
}
